// !$*UTF8*$!
{
	archiveVersion = 1;
	classes = {
	};
	objectVersion = 50;
	objects = {

/* Begin PBXBuildFile section */
		812BA60324E58A1A0038B7A9 /* Service.swift in Sources */ = {isa = PBXBuildFile; fileRef = 812BA60124E58A1A0038B7A9 /* Service.swift */; };
		812BA60424E58A1A0038B7A9 /* Movies.swift in Sources */ = {isa = PBXBuildFile; fileRef = 812BA60224E58A1A0038B7A9 /* Movies.swift */; };
		81DE9ED524E5900900F40367 /* TableViewCell.swift in Sources */ = {isa = PBXBuildFile; fileRef = 81DE9ED424E5900900F40367 /* TableViewCell.swift */; };
		81DE9ED724E5941900F40367 /* MovieViewModal.swift in Sources */ = {isa = PBXBuildFile; fileRef = 81DE9ED624E5941900F40367 /* MovieViewModal.swift */; };
		81DE9ED924E5A62F00F40367 /* Extension.swift in Sources */ = {isa = PBXBuildFile; fileRef = 81DE9ED824E5A62F00F40367 /* Extension.swift */; };
		81DE9EDB24E5A7B900F40367 /* DetailsViewController.swift in Sources */ = {isa = PBXBuildFile; fileRef = 81DE9EDA24E5A7B900F40367 /* DetailsViewController.swift */; };
		81DE9EDD24E63AF800F40367 /* MoviesCellViewModel.swift in Sources */ = {isa = PBXBuildFile; fileRef = 81DE9EDC24E63AF800F40367 /* MoviesCellViewModel.swift */; };
		81E3987424E440710053C01E /* AppDelegate.swift in Sources */ = {isa = PBXBuildFile; fileRef = 81E3987324E440710053C01E /* AppDelegate.swift */; };
		81E3987624E440710053C01E /* SceneDelegate.swift in Sources */ = {isa = PBXBuildFile; fileRef = 81E3987524E440710053C01E /* SceneDelegate.swift */; };
		81E3987824E440710053C01E /* ViewController.swift in Sources */ = {isa = PBXBuildFile; fileRef = 81E3987724E440710053C01E /* ViewController.swift */; };
		81E3987B24E440710053C01E /* Main.storyboard in Resources */ = {isa = PBXBuildFile; fileRef = 81E3987924E440710053C01E /* Main.storyboard */; };
		81E3987D24E440730053C01E /* Assets.xcassets in Resources */ = {isa = PBXBuildFile; fileRef = 81E3987C24E440730053C01E /* Assets.xcassets */; };
		81E3988024E440730053C01E /* LaunchScreen.storyboard in Resources */ = {isa = PBXBuildFile; fileRef = 81E3987E24E440730053C01E /* LaunchScreen.storyboard */; };
/* End PBXBuildFile section */

/* Begin PBXFileReference section */
		812BA60124E58A1A0038B7A9 /* Service.swift */ = {isa = PBXFileReference; fileEncoding = 4; lastKnownFileType = sourcecode.swift; path = Service.swift; sourceTree = "<group>"; };
		812BA60224E58A1A0038B7A9 /* Movies.swift */ = {isa = PBXFileReference; fileEncoding = 4; lastKnownFileType = sourcecode.swift; path = Movies.swift; sourceTree = "<group>"; };
		81DE9ED424E5900900F40367 /* TableViewCell.swift */ = {isa = PBXFileReference; lastKnownFileType = sourcecode.swift; path = TableViewCell.swift; sourceTree = "<group>"; };
		81DE9ED624E5941900F40367 /* MovieViewModal.swift */ = {isa = PBXFileReference; lastKnownFileType = sourcecode.swift; path = MovieViewModal.swift; sourceTree = "<group>"; };
		81DE9ED824E5A62F00F40367 /* Extension.swift */ = {isa = PBXFileReference; lastKnownFileType = sourcecode.swift; path = Extension.swift; sourceTree = "<group>"; };
		81DE9EDA24E5A7B900F40367 /* DetailsViewController.swift */ = {isa = PBXFileReference; lastKnownFileType = sourcecode.swift; path = DetailsViewController.swift; sourceTree = "<group>"; };
		81DE9EDC24E63AF800F40367 /* MoviesCellViewModel.swift */ = {isa = PBXFileReference; lastKnownFileType = sourcecode.swift; path = MoviesCellViewModel.swift; sourceTree = "<group>"; };
		81E3987024E440710053C01E /* AlexApps Demo.app */ = {isa = PBXFileReference; explicitFileType = wrapper.application; includeInIndex = 0; path = "AlexApps Demo.app"; sourceTree = BUILT_PRODUCTS_DIR; };
		81E3987324E440710053C01E /* AppDelegate.swift */ = {isa = PBXFileReference; lastKnownFileType = sourcecode.swift; path = AppDelegate.swift; sourceTree = "<group>"; };
		81E3987524E440710053C01E /* SceneDelegate.swift */ = {isa = PBXFileReference; lastKnownFileType = sourcecode.swift; path = SceneDelegate.swift; sourceTree = "<group>"; };
		81E3987724E440710053C01E /* ViewController.swift */ = {isa = PBXFileReference; lastKnownFileType = sourcecode.swift; path = ViewController.swift; sourceTree = "<group>"; };
		81E3987A24E440710053C01E /* Base */ = {isa = PBXFileReference; lastKnownFileType = file.storyboard; name = Base; path = Base.lproj/Main.storyboard; sourceTree = "<group>"; };
		81E3987C24E440730053C01E /* Assets.xcassets */ = {isa = PBXFileReference; lastKnownFileType = folder.assetcatalog; path = Assets.xcassets; sourceTree = "<group>"; };
		81E3987F24E440730053C01E /* Base */ = {isa = PBXFileReference; lastKnownFileType = file.storyboard; name = Base; path = Base.lproj/LaunchScreen.storyboard; sourceTree = "<group>"; };
		81E3988124E440730053C01E /* Info.plist */ = {isa = PBXFileReference; lastKnownFileType = text.plist.xml; path = Info.plist; sourceTree = "<group>"; };
/* End PBXFileReference section */

/* Begin PBXFrameworksBuildPhase section */
		81E3986D24E440710053C01E /* Frameworks */ = {
			isa = PBXFrameworksBuildPhase;
			buildActionMask = 2147483647;
			files = (
			);
			runOnlyForDeploymentPostprocessing = 0;
		};
/* End PBXFrameworksBuildPhase section */

/* Begin PBXGroup section */
		812BA60024E58A1A0038B7A9 /* Model */ = {
			isa = PBXGroup;
			children = (
				812BA60224E58A1A0038B7A9 /* Movies.swift */,
			);
			path = Model;
			sourceTree = "<group>";
		};
		812BA60524E58A230038B7A9 /* Service */ = {
			isa = PBXGroup;
			children = (
				812BA60124E58A1A0038B7A9 /* Service.swift */,
			);
			path = Service;
			sourceTree = "<group>";
		};
		812BA60624E58A450038B7A9 /* ViewModel */ = {
			isa = PBXGroup;
			children = (
				81DE9ED624E5941900F40367 /* MovieViewModal.swift */,
				81DE9EDC24E63AF800F40367 /* MoviesCellViewModel.swift */,
			);
			path = ViewModel;
			sourceTree = "<group>";
		};
		812BA60724E58A4F0038B7A9 /* Controller */ = {
			isa = PBXGroup;
			children = (
				81E3987724E440710053C01E /* ViewController.swift */,
				81DE9EDA24E5A7B900F40367 /* DetailsViewController.swift */,
			);
			path = Controller;
			sourceTree = "<group>";
		};
		812BA60824E58A550038B7A9 /* View */ = {
			isa = PBXGroup;
			children = (
				81DE9ED424E5900900F40367 /* TableViewCell.swift */,
			);
			path = View;
			sourceTree = "<group>";
		};
		81E3986724E440710053C01E = {
			isa = PBXGroup;
			children = (
				81E3987224E440710053C01E /* AlexApps Demo */,
				81E3987124E440710053C01E /* Products */,
			);
			sourceTree = "<group>";
		};
		81E3987124E440710053C01E /* Products */ = {
			isa = PBXGroup;
			children = (
				81E3987024E440710053C01E /* AlexApps Demo.app */,
			);
			name = Products;
			sourceTree = "<group>";
		};
		81E3987224E440710053C01E /* AlexApps Demo */ = {
			isa = PBXGroup;
			children = (
				812BA60024E58A1A0038B7A9 /* Model */,
				812BA60824E58A550038B7A9 /* View */,
				812BA60624E58A450038B7A9 /* ViewModel */,
				812BA60724E58A4F0038B7A9 /* Controller */,
				812BA60524E58A230038B7A9 /* Service */,
				81DE9ED824E5A62F00F40367 /* Extension.swift */,
				81E3987324E440710053C01E /* AppDelegate.swift */,
				81E3987524E440710053C01E /* SceneDelegate.swift */,
				81E3987924E440710053C01E /* Main.storyboard */,
				81E3987C24E440730053C01E /* Assets.xcassets */,
				81E3987E24E440730053C01E /* LaunchScreen.storyboard */,
				81E3988124E440730053C01E /* Info.plist */,
			);
			path = "AlexApps Demo";
			sourceTree = "<group>";
		};
/* End PBXGroup section */

/* Begin PBXNativeTarget section */
		81E3986F24E440710053C01E /* AlexApps Demo */ = {
			isa = PBXNativeTarget;
			buildConfigurationList = 81E3988424E440730053C01E /* Build configuration list for PBXNativeTarget "AlexApps Demo" */;
			buildPhases = (
				81E3986C24E440710053C01E /* Sources */,
				81E3986D24E440710053C01E /* Frameworks */,
				81E3986E24E440710053C01E /* Resources */,
			);
			buildRules = (
			);
			dependencies = (
			);
			name = "AlexApps Demo";
			productName = "AlexApps Demo";
			productReference = 81E3987024E440710053C01E /* AlexApps Demo.app */;
			productType = "com.apple.product-type.application";
		};
/* End PBXNativeTarget section */

/* Begin PBXProject section */
		81E3986824E440710053C01E /* Project object */ = {
			isa = PBXProject;
			attributes = {
				LastSwiftUpdateCheck = 1140;
				LastUpgradeCheck = 1140;
				ORGANIZATIONNAME = "Ali Mohamed";
				TargetAttributes = {
					81E3986F24E440710053C01E = {
						CreatedOnToolsVersion = 11.4.1;
					};
				};
			};
			buildConfigurationList = 81E3986B24E440710053C01E /* Build configuration list for PBXProject "AlexApps Demo" */;
			compatibilityVersion = "Xcode 9.3";
			developmentRegion = en;
			hasScannedForEncodings = 0;
			knownRegions = (
				en,
				Base,
			);
			mainGroup = 81E3986724E440710053C01E;
			productRefGroup = 81E3987124E440710053C01E /* Products */;
			projectDirPath = "";
			projectRoot = "";
			targets = (
				81E3986F24E440710053C01E /* AlexApps Demo */,
			);
		};
/* End PBXProject section */

/* Begin PBXResourcesBuildPhase section */
		81E3986E24E440710053C01E /* Resources */ = {
			isa = PBXResourcesBuildPhase;
			buildActionMask = 2147483647;
			files = (
				81E3988024E440730053C01E /* LaunchScreen.storyboard in Resources */,
				81E3987D24E440730053C01E /* Assets.xcassets in Resources */,
				81E3987B24E440710053C01E /* Main.storyboard in Resources */,
			);
			runOnlyForDeploymentPostprocessing = 0;
		};
/* End PBXResourcesBuildPhase section */

/* Begin PBXSourcesBuildPhase section */
		81E3986C24E440710053C01E /* Sources */ = {
			isa = PBXSourcesBuildPhase;
			buildActionMask = 2147483647;
			files = (
				812BA60424E58A1A0038B7A9 /* Movies.swift in Sources */,
				81DE9ED724E5941900F40367 /* MovieViewModal.swift in Sources */,
				81DE9EDB24E5A7B900F40367 /* DetailsViewController.swift in Sources */,
				81DE9EDD24E63AF800F40367 /* MoviesCellViewModel.swift in Sources */,
				81E3987824E440710053C01E /* ViewController.swift in Sources */,
				812BA60324E58A1A0038B7A9 /* Service.swift in Sources */,
				81DE9ED524E5900900F40367 /* TableViewCell.swift in Sources */,
				81E3987424E440710053C01E /* AppDelegate.swift in Sources */,
				81E3987624E440710053C01E /* SceneDelegate.swift in Sources */,
				81DE9ED924E5A62F00F40367 /* Extension.swift in Sources */,
			);
			runOnlyForDeploymentPostprocessing = 0;
		};
/* End PBXSourcesBuildPhase section */

/* Begin PBXVariantGroup section */
		81E3987924E440710053C01E /* Main.storyboard */ = {
			isa = PBXVariantGroup;
			children = (
				81E3987A24E440710053C01E /* Base */,
			);
			name = Main.storyboard;
			sourceTree = "<group>";
		};
		81E3987E24E440730053C01E /* LaunchScreen.storyboard */ = {
			isa = PBXVariantGroup;
			children = (
				81E3987F24E440730053C01E /* Base */,
			);
			name = LaunchScreen.storyboard;
			sourceTree = "<group>";
		};
/* End PBXVariantGroup section */

/* Begin XCBuildConfiguration section */
		81E3988224E440730053C01E /* Debug */ = {
			isa = XCBuildConfiguration;
			buildSettings = {
				ALWAYS_SEARCH_USER_PATHS = NO;
				CLANG_ANALYZER_NONNULL = YES;
				CLANG_ANALYZER_NUMBER_OBJECT_CONVERSION = YES_AGGRESSIVE;
				CLANG_CXX_LANGUAGE_STANDARD = "gnu++14";
				CLANG_CXX_LIBRARY = "libc++";
				CLANG_ENABLE_MODULES = YES;
				CLANG_ENABLE_OBJC_ARC = YES;
				CLANG_ENABLE_OBJC_WEAK = YES;
				CLANG_WARN_BLOCK_CAPTURE_AUTORELEASING = YES;
				CLANG_WARN_BOOL_CONVERSION = YES;
				CLANG_WARN_COMMA = YES;
				CLANG_WARN_CONSTANT_CONVERSION = YES;
				CLANG_WARN_DEPRECATED_OBJC_IMPLEMENTATIONS = YES;
				CLANG_WARN_DIRECT_OBJC_ISA_USAGE = YES_ERROR;
				CLANG_WARN_DOCUMENTATION_COMMENTS = YES;
				CLANG_WARN_EMPTY_BODY = YES;
				CLANG_WARN_ENUM_CONVERSION = YES;
				CLANG_WARN_INFINITE_RECURSION = YES;
				CLANG_WARN_INT_CONVERSION = YES;
				CLANG_WARN_NON_LITERAL_NULL_CONVERSION = YES;
				CLANG_WARN_OBJC_IMPLICIT_RETAIN_SELF = YES;
				CLANG_WARN_OBJC_LITERAL_CONVERSION = YES;
				CLANG_WARN_OBJC_ROOT_CLASS = YES_ERROR;
				CLANG_WARN_RANGE_LOOP_ANALYSIS = YES;
				CLANG_WARN_STRICT_PROTOTYPES = YES;
				CLANG_WARN_SUSPICIOUS_MOVE = YES;
				CLANG_WARN_UNGUARDED_AVAILABILITY = YES_AGGRESSIVE;
				CLANG_WARN_UNREACHABLE_CODE = YES;
				CLANG_WARN__DUPLICATE_METHOD_MATCH = YES;
				COPY_PHASE_STRIP = NO;
				DEBUG_INFORMATION_FORMAT = dwarf;
				ENABLE_STRICT_OBJC_MSGSEND = YES;
				ENABLE_TESTABILITY = YES;
				GCC_C_LANGUAGE_STANDARD = gnu11;
				GCC_DYNAMIC_NO_PIC = NO;
				GCC_NO_COMMON_BLOCKS = YES;
				GCC_OPTIMIZATION_LEVEL = 0;
				GCC_PREPROCESSOR_DEFINITIONS = (
					"DEBUG=1",
					"$(inherited)",
				);
				GCC_WARN_64_TO_32_BIT_CONVERSION = YES;
				GCC_WARN_ABOUT_RETURN_TYPE = YES_ERROR;
				GCC_WARN_UNDECLARED_SELECTOR = YES;
				GCC_WARN_UNINITIALIZED_AUTOS = YES_AGGRESSIVE;
				GCC_WARN_UNUSED_FUNCTION = YES;
				GCC_WARN_UNUSED_VARIABLE = YES;
				IPHONEOS_DEPLOYMENT_TARGET = 13.4;
				MTL_ENABLE_DEBUG_INFO = INCLUDE_SOURCE;
				MTL_FAST_MATH = YES;
				ONLY_ACTIVE_ARCH = YES;
				SDKROOT = iphoneos;
				SWIFT_ACTIVE_COMPILATION_CONDITIONS = DEBUG;
				SWIFT_OPTIMIZATION_LEVEL = "-Onone";
			};
			name = Debug;
		};
		81E3988324E440730053C01E /* Release */ = {
			isa = XCBuildConfiguration;
			buildSettings = {
				ALWAYS_SEARCH_USER_PATHS = NO;
				CLANG_ANALYZER_NONNULL = YES;
				CLANG_ANALYZER_NUMBER_OBJECT_CONVERSION = YES_AGGRESSIVE;
				CLANG_CXX_LANGUAGE_STANDARD = "gnu++14";
				CLANG_CXX_LIBRARY = "libc++";
				CLANG_ENABLE_MODULES = YES;
				CLANG_ENABLE_OBJC_ARC = YES;
				CLANG_ENABLE_OBJC_WEAK = YES;
				CLANG_WARN_BLOCK_CAPTURE_AUTORELEASING = YES;
				CLANG_WARN_BOOL_CONVERSION = YES;
				CLANG_WARN_COMMA = YES;
				CLANG_WARN_CONSTANT_CONVERSION = YES;
				CLANG_WARN_DEPRECATED_OBJC_IMPLEMENTATIONS = YES;
				CLANG_WARN_DIRECT_OBJC_ISA_USAGE = YES_ERROR;
				CLANG_WARN_DOCUMENTATION_COMMENTS = YES;
				CLANG_WARN_EMPTY_BODY = YES;
				CLANG_WARN_ENUM_CONVERSION = YES;
				CLANG_WARN_INFINITE_RECURSION = YES;
				CLANG_WARN_INT_CONVERSION = YES;
				CLANG_WARN_NON_LITERAL_NULL_CONVERSION = YES;
				CLANG_WARN_OBJC_IMPLICIT_RETAIN_SELF = YES;
				CLANG_WARN_OBJC_LITERAL_CONVERSION = YES;
				CLANG_WARN_OBJC_ROOT_CLASS = YES_ERROR;
				CLANG_WARN_RANGE_LOOP_ANALYSIS = YES;
				CLANG_WARN_STRICT_PROTOTYPES = YES;
				CLANG_WARN_SUSPICIOUS_MOVE = YES;
				CLANG_WARN_UNGUARDED_AVAILABILITY = YES_AGGRESSIVE;
				CLANG_WARN_UNREACHABLE_CODE = YES;
				CLANG_WARN__DUPLICATE_METHOD_MATCH = YES;
				COPY_PHASE_STRIP = NO;
				DEBUG_INFORMATION_FORMAT = "dwarf-with-dsym";
				ENABLE_NS_ASSERTIONS = NO;
				ENABLE_STRICT_OBJC_MSGSEND = YES;
				GCC_C_LANGUAGE_STANDARD = gnu11;
				GCC_NO_COMMON_BLOCKS = YES;
				GCC_WARN_64_TO_32_BIT_CONVERSION = YES;
				GCC_WARN_ABOUT_RETURN_TYPE = YES_ERROR;
				GCC_WARN_UNDECLARED_SELECTOR = YES;
				GCC_WARN_UNINITIALIZED_AUTOS = YES_AGGRESSIVE;
				GCC_WARN_UNUSED_FUNCTION = YES;
				GCC_WARN_UNUSED_VARIABLE = YES;
				IPHONEOS_DEPLOYMENT_TARGET = 13.4;
				MTL_ENABLE_DEBUG_INFO = NO;
				MTL_FAST_MATH = YES;
				SDKROOT = iphoneos;
				SWIFT_COMPILATION_MODE = wholemodule;
				SWIFT_OPTIMIZATION_LEVEL = "-O";
				VALIDATE_PRODUCT = YES;
			};
			name = Release;
		};
		81E3988524E440730053C01E /* Debug */ = {
			isa = XCBuildConfiguration;
			buildSettings = {
				ASSETCATALOG_COMPILER_APPICON_NAME = AppIcon;
				CODE_SIGN_STYLE = Automatic;
				DEVELOPMENT_TEAM = GPMFK5M647;
				INFOPLIST_FILE = "AlexApps Demo/Info.plist";
				IPHONEOS_DEPLOYMENT_TARGET = 13.4;
				LD_RUNPATH_SEARCH_PATHS = (
					"$(inherited)",
					"@executable_path/Frameworks",
				);
				PRODUCT_BUNDLE_IDENTIFIER = "com.AliMohamed.AlexApps-Demo";
				PRODUCT_NAME = "$(TARGET_NAME)";
				SWIFT_VERSION = 5.0;
				TARGETED_DEVICE_FAMILY = "1,2";
			};
			name = Debug;
		};
		81E3988624E440730053C01E /* Release */ = {
			isa = XCBuildConfiguration;
			buildSettings = {
				ASSETCATALOG_COMPILER_APPICON_NAME = AppIcon;
				CODE_SIGN_STYLE = Automatic;
				DEVELOPMENT_TEAM = GPMFK5M647;
				INFOPLIST_FILE = "AlexApps Demo/Info.plist";
				IPHONEOS_DEPLOYMENT_TARGET = 13.4;
				LD_RUNPATH_SEARCH_PATHS = (
					"$(inherited)",
					"@executable_path/Frameworks",
				);
				PRODUCT_BUNDLE_IDENTIFIER = "com.AliMohamed.AlexApps-Demo";
				PRODUCT_NAME = "$(TARGET_NAME)";
				SWIFT_VERSION = 5.0;
				TARGETED_DEVICE_FAMILY = "1,2";
			};
			name = Release;
		};
/* End XCBuildConfiguration section */

/* Begin XCConfigurationList section */
		81E3986B24E440710053C01E /* Build configuration list for PBXProject "AlexApps Demo" */ = {
			isa = XCConfigurationList;
			buildConfigurations = (
				81E3988224E440730053C01E /* Debug */,
				81E3988324E440730053C01E /* Release */,
			);
			defaultConfigurationIsVisible = 0;
			defaultConfigurationName = Release;
		};
		81E3988424E440730053C01E /* Build configuration list for PBXNativeTarget "AlexApps Demo" */ = {
			isa = XCConfigurationList;
			buildConfigurations = (
				81E3988524E440730053C01E /* Debug */,
				81E3988624E440730053C01E /* Release */,
			);
			defaultConfigurationIsVisible = 0;
			defaultConfigurationName = Release;
		};
/* End XCConfigurationList section */
	};
	rootObject = 81E3986824E440710053C01E /* Project object */;
}
